
Microsoft Visual Studio Solution File, Format Version 12.00
# Visual Studio Version 17
VisualStudioVersion = 17.9.34723.18
MinimumVisualStudioVersion = 10.0.40219.1
Project("{2150E333-8FDC-42A3-9474-1A3956D46DE8}") = "Services", "Services", "{144CFA38-03DA-4BF8-9E9D-B4FD0C3FD8CB}"
EndProject
Project("{2150E333-8FDC-42A3-9474-1A3956D46DE8}") = "Catalog", "Catalog", "{017D2E35-22F1-42DB-8C7B-4E92260EB545}"
EndProject
Project("{FAE04EC0-301F-11D3-BF4B-00C04F79EFBC}") = "Catalog.API", "Services\Catalog\Catalog.API\Catalog.API.csproj", "{92D0ED34-1CF8-4A8B-833B-22A69BE60729}"
EndProject
Global
	GlobalSection(SolutionConfigurationPlatforms) = preSolution
		Debug|Any CPU = Debug|Any CPU
		Release|Any CPU = Release|Any CPU
	EndGlobalSection
	GlobalSection(ProjectConfigurationPlatforms) = postSolution
		{92D0ED34-1CF8-4A8B-833B-22A69BE60729}.Debug|Any CPU.ActiveCfg = Debug|Any CPU
		{92D0ED34-1CF8-4A8B-833B-22A69BE60729}.Debug|Any CPU.Build.0 = Debug|Any CPU
		{92D0ED34-1CF8-4A8B-833B-22A69BE60729}.Release|Any CPU.ActiveCfg = Release|Any CPU
		{92D0ED34-1CF8-4A8B-833B-22A69BE60729}.Release|Any CPU.Build.0 = Release|Any CPU
	EndGlobalSection
	GlobalSection(SolutionProperties) = preSolution
		HideSolutionNode = FALSE
	EndGlobalSection
	GlobalSection(NestedProjects) = preSolution
		{017D2E35-22F1-42DB-8C7B-4E92260EB545} = {144CFA38-03DA-4BF8-9E9D-B4FD0C3FD8CB}
		{92D0ED34-1CF8-4A8B-833B-22A69BE60729} = {017D2E35-22F1-42DB-8C7B-4E92260EB545}
	EndGlobalSection
	GlobalSection(ExtensibilityGlobals) = postSolution
		SolutionGuid = {67DABBCE-77C3-45B5-B70D-CC1F499D5E42}
	EndGlobalSection
EndGlobal
