
Microsoft Visual Studio Solution File, Format Version 12.00
# Visual Studio Version 17
VisualStudioVersion = 17.9.34723.18
MinimumVisualStudioVersion = 10.0.40219.1
Project("{2150E333-8FDC-42A3-9474-1A3956D46DE8}") = "Services", "Services", "{144CFA38-03DA-4BF8-9E9D-B4FD0C3FD8CB}"
EndProject
Project("{2150E333-8FDC-42A3-9474-1A3956D46DE8}") = "Catalog", "Catalog", "{017D2E35-22F1-42DB-8C7B-4E92260EB545}"
EndProject
Project("{9A19103F-16F7-4668-BE54-9A1E7A4F7556}") = "Catalog.API", "Services\Catalog\Catalog.API\Catalog.API.csproj", "{92D0ED34-1CF8-4A8B-833B-22A69BE60729}"
EndProject
Project("{2150E333-8FDC-42A3-9474-1A3956D46DE8}") = "BuildingBlocks", "BuildingBlocks", "{A90AC0E1-31B8-4790-B209-940A3BEAECDE}"
EndProject
Project("{9A19103F-16F7-4668-BE54-9A1E7A4F7556}") = "BuildingBlocks", "BuildingBlocks\BuildingBlocks\BuildingBlocks.csproj", "{F4BB32C1-D45F-4867-B293-B16A2049D750}"
EndProject
Project("{E53339B2-1760-4266-BCC7-CA923CBCF16C}") = "docker-compose", "docker-compose.dcproj", "{4385DD59-CFC2-444C-9419-1DB0DDED1571}"
EndProject
Project("{2150E333-8FDC-42A3-9474-1A3956D46DE8}") = "Basket", "Basket", "{4D6363EC-0815-4C4D-8183-77449F758DDC}"
EndProject
Project("{9A19103F-16F7-4668-BE54-9A1E7A4F7556}") = "Basket.API", "Services\Basket\Basket.API\Basket.API.csproj", "{9A350B82-B054-4156-9AB8-4AA0397BC809}"
EndProject
Project("{2150E333-8FDC-42A3-9474-1A3956D46DE8}") = "Discount", "Discount", "{B53F14C1-765E-4D57-9EE6-767137897678}"
EndProject
Project("{9A19103F-16F7-4668-BE54-9A1E7A4F7556}") = "Discount.Grpc", "Services\Discount\Discount.Grpc\Discount.Grpc.csproj", "{97AB8972-5C24-4FBC-AE12-4A4698B9816D}"
EndProject
Project("{2150E333-8FDC-42A3-9474-1A3956D46DE8}") = "Ordering", "Ordering", "{83BDA37B-5CC1-4285-88CE-4C1A281BFEBA}"
EndProject
Project("{9A19103F-16F7-4668-BE54-9A1E7A4F7556}") = "Ordering.API", "Services\Ordering\Ordering.API\Ordering.API.csproj", "{AB94A707-8E83-4206-8FA4-A19689A1FF40}"
EndProject
Project("{FAE04EC0-301F-11D3-BF4B-00C04F79EFBC}") = "Ordering.Domain", "Services\Ordering\Ordering.Domain\Ordering.Domain.csproj", "{8E5EDA46-4559-4323-9919-064A2CE968CD}"
EndProject
Project("{FAE04EC0-301F-11D3-BF4B-00C04F79EFBC}") = "Ordering.Application", "Services\Ordering\Ordering.Application\Ordering.Application.csproj", "{DDA00EEF-30C7-4844-A5C1-00C0831945A3}"
EndProject
Project("{FAE04EC0-301F-11D3-BF4B-00C04F79EFBC}") = "Ordering.Infrastructure", "Services\Ordering\Ordering.Infrastructure\Ordering.Infrastructure.csproj", "{468E8058-08E2-48E5-8581-AC23B75E5F84}"
EndProject
Global
	GlobalSection(SolutionConfigurationPlatforms) = preSolution
		Debug|Any CPU = Debug|Any CPU
		Release|Any CPU = Release|Any CPU
	EndGlobalSection
	GlobalSection(ProjectConfigurationPlatforms) = postSolution
		{92D0ED34-1CF8-4A8B-833B-22A69BE60729}.Debug|Any CPU.ActiveCfg = Debug|Any CPU
		{92D0ED34-1CF8-4A8B-833B-22A69BE60729}.Debug|Any CPU.Build.0 = Debug|Any CPU
		{92D0ED34-1CF8-4A8B-833B-22A69BE60729}.Release|Any CPU.ActiveCfg = Release|Any CPU
		{92D0ED34-1CF8-4A8B-833B-22A69BE60729}.Release|Any CPU.Build.0 = Release|Any CPU
		{F4BB32C1-D45F-4867-B293-B16A2049D750}.Debug|Any CPU.ActiveCfg = Debug|Any CPU
		{F4BB32C1-D45F-4867-B293-B16A2049D750}.Debug|Any CPU.Build.0 = Debug|Any CPU
		{F4BB32C1-D45F-4867-B293-B16A2049D750}.Release|Any CPU.ActiveCfg = Release|Any CPU
		{F4BB32C1-D45F-4867-B293-B16A2049D750}.Release|Any CPU.Build.0 = Release|Any CPU
		{4385DD59-CFC2-444C-9419-1DB0DDED1571}.Debug|Any CPU.ActiveCfg = Debug|Any CPU
		{4385DD59-CFC2-444C-9419-1DB0DDED1571}.Debug|Any CPU.Build.0 = Debug|Any CPU
		{4385DD59-CFC2-444C-9419-1DB0DDED1571}.Release|Any CPU.ActiveCfg = Release|Any CPU
		{4385DD59-CFC2-444C-9419-1DB0DDED1571}.Release|Any CPU.Build.0 = Release|Any CPU
		{9A350B82-B054-4156-9AB8-4AA0397BC809}.Debug|Any CPU.ActiveCfg = Debug|Any CPU
		{9A350B82-B054-4156-9AB8-4AA0397BC809}.Debug|Any CPU.Build.0 = Debug|Any CPU
		{9A350B82-B054-4156-9AB8-4AA0397BC809}.Release|Any CPU.ActiveCfg = Release|Any CPU
		{9A350B82-B054-4156-9AB8-4AA0397BC809}.Release|Any CPU.Build.0 = Release|Any CPU
		{97AB8972-5C24-4FBC-AE12-4A4698B9816D}.Debug|Any CPU.ActiveCfg = Debug|Any CPU
		{97AB8972-5C24-4FBC-AE12-4A4698B9816D}.Debug|Any CPU.Build.0 = Debug|Any CPU
		{97AB8972-5C24-4FBC-AE12-4A4698B9816D}.Release|Any CPU.ActiveCfg = Release|Any CPU
		{97AB8972-5C24-4FBC-AE12-4A4698B9816D}.Release|Any CPU.Build.0 = Release|Any CPU
		{AB94A707-8E83-4206-8FA4-A19689A1FF40}.Debug|Any CPU.ActiveCfg = Debug|Any CPU
		{AB94A707-8E83-4206-8FA4-A19689A1FF40}.Debug|Any CPU.Build.0 = Debug|Any CPU
		{AB94A707-8E83-4206-8FA4-A19689A1FF40}.Release|Any CPU.ActiveCfg = Release|Any CPU
		{AB94A707-8E83-4206-8FA4-A19689A1FF40}.Release|Any CPU.Build.0 = Release|Any CPU
		{8E5EDA46-4559-4323-9919-064A2CE968CD}.Debug|Any CPU.ActiveCfg = Debug|Any CPU
		{8E5EDA46-4559-4323-9919-064A2CE968CD}.Debug|Any CPU.Build.0 = Debug|Any CPU
		{8E5EDA46-4559-4323-9919-064A2CE968CD}.Release|Any CPU.ActiveCfg = Release|Any CPU
		{8E5EDA46-4559-4323-9919-064A2CE968CD}.Release|Any CPU.Build.0 = Release|Any CPU
		{DDA00EEF-30C7-4844-A5C1-00C0831945A3}.Debug|Any CPU.ActiveCfg = Debug|Any CPU
		{DDA00EEF-30C7-4844-A5C1-00C0831945A3}.Debug|Any CPU.Build.0 = Debug|Any CPU
		{DDA00EEF-30C7-4844-A5C1-00C0831945A3}.Release|Any CPU.ActiveCfg = Release|Any CPU
		{DDA00EEF-30C7-4844-A5C1-00C0831945A3}.Release|Any CPU.Build.0 = Release|Any CPU
		{468E8058-08E2-48E5-8581-AC23B75E5F84}.Debug|Any CPU.ActiveCfg = Debug|Any CPU
		{468E8058-08E2-48E5-8581-AC23B75E5F84}.Debug|Any CPU.Build.0 = Debug|Any CPU
		{468E8058-08E2-48E5-8581-AC23B75E5F84}.Release|Any CPU.ActiveCfg = Release|Any CPU
		{468E8058-08E2-48E5-8581-AC23B75E5F84}.Release|Any CPU.Build.0 = Release|Any CPU
	EndGlobalSection
	GlobalSection(SolutionProperties) = preSolution
		HideSolutionNode = FALSE
	EndGlobalSection
	GlobalSection(NestedProjects) = preSolution
		{017D2E35-22F1-42DB-8C7B-4E92260EB545} = {144CFA38-03DA-4BF8-9E9D-B4FD0C3FD8CB}
		{92D0ED34-1CF8-4A8B-833B-22A69BE60729} = {017D2E35-22F1-42DB-8C7B-4E92260EB545}
		{F4BB32C1-D45F-4867-B293-B16A2049D750} = {A90AC0E1-31B8-4790-B209-940A3BEAECDE}
		{4D6363EC-0815-4C4D-8183-77449F758DDC} = {144CFA38-03DA-4BF8-9E9D-B4FD0C3FD8CB}
		{9A350B82-B054-4156-9AB8-4AA0397BC809} = {4D6363EC-0815-4C4D-8183-77449F758DDC}
		{B53F14C1-765E-4D57-9EE6-767137897678} = {144CFA38-03DA-4BF8-9E9D-B4FD0C3FD8CB}
		{97AB8972-5C24-4FBC-AE12-4A4698B9816D} = {B53F14C1-765E-4D57-9EE6-767137897678}
		{83BDA37B-5CC1-4285-88CE-4C1A281BFEBA} = {144CFA38-03DA-4BF8-9E9D-B4FD0C3FD8CB}
		{AB94A707-8E83-4206-8FA4-A19689A1FF40} = {83BDA37B-5CC1-4285-88CE-4C1A281BFEBA}
		{8E5EDA46-4559-4323-9919-064A2CE968CD} = {83BDA37B-5CC1-4285-88CE-4C1A281BFEBA}
		{DDA00EEF-30C7-4844-A5C1-00C0831945A3} = {83BDA37B-5CC1-4285-88CE-4C1A281BFEBA}
		{468E8058-08E2-48E5-8581-AC23B75E5F84} = {83BDA37B-5CC1-4285-88CE-4C1A281BFEBA}
	EndGlobalSection
	GlobalSection(ExtensibilityGlobals) = postSolution
		SolutionGuid = {67DABBCE-77C3-45B5-B70D-CC1F499D5E42}
	EndGlobalSection
EndGlobal
